
Microsoft Visual Studio Solution File, Format Version 12.00
# Visual Studio Version 16
VisualStudioVersion = 16.0.29509.3
MinimumVisualStudioVersion = 10.0.40219.1
Project("{8BC9CEB8-8B4A-11D0-8D11-00A0C91BC942}") = "RingBuffer", "RingBuffer\RingBuffer.vcxproj", "{B036FC27-3D96-4079-8FB4-5AF34DDEA0A4}"
EndProject
Global
	GlobalSection(SolutionConfigurationPlatforms) = preSolution
		Debug|x64 = Debug|x64
		Debug|x86 = Debug|x86
		Release|x64 = Release|x64
		Release|x86 = Release|x86
	EndGlobalSection
	GlobalSection(ProjectConfigurationPlatforms) = postSolution
		{B036FC27-3D96-4079-8FB4-5AF34DDEA0A4}.Debug|x64.ActiveCfg = Debug|x64
		{B036FC27-3D96-4079-8FB4-5AF34DDEA0A4}.Debug|x64.Build.0 = Debug|x64
		{B036FC27-3D96-4079-8FB4-5AF34DDEA0A4}.Debug|x86.ActiveCfg = Debug|Win32
		{B036FC27-3D96-4079-8FB4-5AF34DDEA0A4}.Debug|x86.Build.0 = Debug|Win32
		{B036FC27-3D96-4079-8FB4-5AF34DDEA0A4}.Release|x64.ActiveCfg = Release|x64
		{B036FC27-3D96-4079-8FB4-5AF34DDEA0A4}.Release|x64.Build.0 = Release|x64
		{B036FC27-3D96-4079-8FB4-5AF34DDEA0A4}.Release|x86.ActiveCfg = Release|Win32
		{B036FC27-3D96-4079-8FB4-5AF34DDEA0A4}.Release|x86.Build.0 = Release|Win32
	EndGlobalSection
	GlobalSection(SolutionProperties) = preSolution
		HideSolutionNode = FALSE
	EndGlobalSection
	GlobalSection(ExtensibilityGlobals) = postSolution
		SolutionGuid = {F4E6B532-3667-489D-A4D5-4655A66D603A}
	EndGlobalSection
EndGlobal
